// !$*UTF8*$!
{
	archiveVersion = 1;
	classes = {
	};
	objectVersion = 55;
	objects = {

/* Begin PBXBuildFile section */
		FF4CB13D283F5CDF00E32F04 /* AppDelegate.swift in Sources */ = {isa = PBXBuildFile; fileRef = FF4CB13C283F5CDF00E32F04 /* AppDelegate.swift */; };
		FF4CB13F283F5CDF00E32F04 /* SceneDelegate.swift in Sources */ = {isa = PBXBuildFile; fileRef = FF4CB13E283F5CDF00E32F04 /* SceneDelegate.swift */; };
		FF4CB141283F5CDF00E32F04 /* ViewController.swift in Sources */ = {isa = PBXBuildFile; fileRef = FF4CB140283F5CDF00E32F04 /* ViewController.swift */; };
		FF4CB144283F5CDF00E32F04 /* Main.storyboard in Resources */ = {isa = PBXBuildFile; fileRef = FF4CB142283F5CDF00E32F04 /* Main.storyboard */; };
		FF4CB146283F5CE500E32F04 /* Assets.xcassets in Resources */ = {isa = PBXBuildFile; fileRef = FF4CB145283F5CE500E32F04 /* Assets.xcassets */; };
		FF4CB149283F5CE500E32F04 /* LaunchScreen.storyboard in Resources */ = {isa = PBXBuildFile; fileRef = FF4CB147283F5CE500E32F04 /* LaunchScreen.storyboard */; };
		FF4CB151283F5EFF00E32F04 /* Model.swift in Sources */ = {isa = PBXBuildFile; fileRef = FF4CB150283F5EFF00E32F04 /* Model.swift */; };
		FF4CB153283F5F0C00E32F04 /* AppSettings.swift in Sources */ = {isa = PBXBuildFile; fileRef = FF4CB152283F5F0C00E32F04 /* AppSettings.swift */; };
		FF4CB155283F5F1700E32F04 /* Endpoint.swift in Sources */ = {isa = PBXBuildFile; fileRef = FF4CB154283F5F1700E32F04 /* Endpoint.swift */; };
		FF4CB157283F5F2600E32F04 /* RESTClient.swift in Sources */ = {isa = PBXBuildFile; fileRef = FF4CB156283F5F2600E32F04 /* RESTClient.swift */; };
		FF4CB159283F5F3600E32F04 /* EndpointClient.swift in Sources */ = {isa = PBXBuildFile; fileRef = FF4CB158283F5F3600E32F04 /* EndpointClient.swift */; };
		FF4CB15B283F5F5700E32F04 /* EndpointClientError.swift in Sources */ = {isa = PBXBuildFile; fileRef = FF4CB15A283F5F5700E32F04 /* EndpointClientError.swift */; };
		FF4CB15D283F5F6500E32F04 /* ServerError.swift in Sources */ = {isa = PBXBuildFile; fileRef = FF4CB15C283F5F6500E32F04 /* ServerError.swift */; };
/* End PBXBuildFile section */

/* Begin PBXFileReference section */
		FF4CB139283F5CDF00E32F04 /* JSON.app */ = {isa = PBXFileReference; explicitFileType = wrapper.application; includeInIndex = 0; path = JSON.app; sourceTree = BUILT_PRODUCTS_DIR; };
		FF4CB13C283F5CDF00E32F04 /* AppDelegate.swift */ = {isa = PBXFileReference; lastKnownFileType = sourcecode.swift; path = AppDelegate.swift; sourceTree = "<group>"; };
		FF4CB13E283F5CDF00E32F04 /* SceneDelegate.swift */ = {isa = PBXFileReference; lastKnownFileType = sourcecode.swift; path = SceneDelegate.swift; sourceTree = "<group>"; };
		FF4CB140283F5CDF00E32F04 /* ViewController.swift */ = {isa = PBXFileReference; lastKnownFileType = sourcecode.swift; path = ViewController.swift; sourceTree = "<group>"; };
		FF4CB143283F5CDF00E32F04 /* Base */ = {isa = PBXFileReference; lastKnownFileType = file.storyboard; name = Base; path = Base.lproj/Main.storyboard; sourceTree = "<group>"; };
		FF4CB145283F5CE500E32F04 /* Assets.xcassets */ = {isa = PBXFileReference; lastKnownFileType = folder.assetcatalog; path = Assets.xcassets; sourceTree = "<group>"; };
		FF4CB148283F5CE500E32F04 /* Base */ = {isa = PBXFileReference; lastKnownFileType = file.storyboard; name = Base; path = Base.lproj/LaunchScreen.storyboard; sourceTree = "<group>"; };
		FF4CB14A283F5CE500E32F04 /* Info.plist */ = {isa = PBXFileReference; lastKnownFileType = text.plist.xml; path = Info.plist; sourceTree = "<group>"; };
		FF4CB150283F5EFF00E32F04 /* Model.swift */ = {isa = PBXFileReference; lastKnownFileType = sourcecode.swift; path = Model.swift; sourceTree = "<group>"; };
		FF4CB152283F5F0C00E32F04 /* AppSettings.swift */ = {isa = PBXFileReference; lastKnownFileType = sourcecode.swift; path = AppSettings.swift; sourceTree = "<group>"; };
		FF4CB154283F5F1700E32F04 /* Endpoint.swift */ = {isa = PBXFileReference; lastKnownFileType = sourcecode.swift; path = Endpoint.swift; sourceTree = "<group>"; };
		FF4CB156283F5F2600E32F04 /* RESTClient.swift */ = {isa = PBXFileReference; lastKnownFileType = sourcecode.swift; path = RESTClient.swift; sourceTree = "<group>"; };
		FF4CB158283F5F3600E32F04 /* EndpointClient.swift */ = {isa = PBXFileReference; lastKnownFileType = sourcecode.swift; path = EndpointClient.swift; sourceTree = "<group>"; };
		FF4CB15A283F5F5700E32F04 /* EndpointClientError.swift */ = {isa = PBXFileReference; lastKnownFileType = sourcecode.swift; path = EndpointClientError.swift; sourceTree = "<group>"; };
		FF4CB15C283F5F6500E32F04 /* ServerError.swift */ = {isa = PBXFileReference; lastKnownFileType = sourcecode.swift; path = ServerError.swift; sourceTree = "<group>"; };
/* End PBXFileReference section */

/* Begin PBXFrameworksBuildPhase section */
		FF4CB136283F5CDF00E32F04 /* Frameworks */ = {
			isa = PBXFrameworksBuildPhase;
			buildActionMask = 2147483647;
			files = (
			);
			runOnlyForDeploymentPostprocessing = 0;
		};
/* End PBXFrameworksBuildPhase section */

/* Begin PBXGroup section */
		FF4CB130283F5CDF00E32F04 = {
			isa = PBXGroup;
			children = (
				FF4CB13B283F5CDF00E32F04 /* JSON */,
				FF4CB13A283F5CDF00E32F04 /* Products */,
			);
			sourceTree = "<group>";
		};
		FF4CB13A283F5CDF00E32F04 /* Products */ = {
			isa = PBXGroup;
			children = (
				FF4CB139283F5CDF00E32F04 /* JSON.app */,
			);
			name = Products;
			sourceTree = "<group>";
		};
		FF4CB13B283F5CDF00E32F04 /* JSON */ = {
			isa = PBXGroup;
			children = (
				FFD309E7285084D40067DB7E /* Resources */,
				FFD309E8285084DA0067DB7E /* Sources */,
			);
			path = JSON;
			sourceTree = "<group>";
		};
		FFD309E7285084D40067DB7E /* Resources */ = {
			isa = PBXGroup;
			children = (
				FF4CB145283F5CE500E32F04 /* Assets.xcassets */,
				FFD309EA285084E80067DB7E /* Configs */,
				FFD309E9285084E10067DB7E /* Storyboards */,
			);
			path = Resources;
			sourceTree = "<group>";
		};
		FFD309E8285084DA0067DB7E /* Sources */ = {
			isa = PBXGroup;
			children = (
				FFD309EC285084F10067DB7E /* Scenes */,
				FFD309EB285084ED0067DB7E /* App */,
			);
			path = Sources;
			sourceTree = "<group>";
		};
		FFD309E9285084E10067DB7E /* Storyboards */ = {
			isa = PBXGroup;
			children = (
				FF4CB142283F5CDF00E32F04 /* Main.storyboard */,
				FF4CB147283F5CE500E32F04 /* LaunchScreen.storyboard */,
			);
			path = Storyboards;
			sourceTree = "<group>";
		};
		FFD309EA285084E80067DB7E /* Configs */ = {
			isa = PBXGroup;
			children = (
				FF4CB14A283F5CE500E32F04 /* Info.plist */,
			);
			path = Configs;
			sourceTree = "<group>";
		};
		FFD309EB285084ED0067DB7E /* App */ = {
			isa = PBXGroup;
			children = (
				FF4CB13C283F5CDF00E32F04 /* AppDelegate.swift */,
				FF4CB13E283F5CDF00E32F04 /* SceneDelegate.swift */,
			);
			path = App;
			sourceTree = "<group>";
		};
		FFD309EC285084F10067DB7E /* Scenes */ = {
			isa = PBXGroup;
			children = (
				FFD309EF2850B8F20067DB7E /* Settings */,
				FFD309EE2850B8E40067DB7E /* Request */,
				FFD309ED285085230067DB7E /* Model */,
				FF4CB140283F5CDF00E32F04 /* ViewController.swift */,
			);
			path = Scenes;
			sourceTree = "<group>";
		};
		FFD309ED285085230067DB7E /* Model */ = {
			isa = PBXGroup;
			children = (
				FF4CB150283F5EFF00E32F04 /* Model.swift */,
			);
			path = Model;
			sourceTree = "<group>";
		};
		FFD309EE2850B8E40067DB7E /* Request */ = {
			isa = PBXGroup;
			children = (
				FFD309F22850B9310067DB7E /* REST */,
				FFD309F12850B9250067DB7E /* Endpoint */,
				FFD309F02850B91B0067DB7E /* Error */,
			);
			path = Request;
			sourceTree = "<group>";
		};
		FFD309EF2850B8F20067DB7E /* Settings */ = {
			isa = PBXGroup;
			children = (
				FF4CB152283F5F0C00E32F04 /* AppSettings.swift */,
			);
			path = Settings;
			sourceTree = "<group>";
		};
		FFD309F02850B91B0067DB7E /* Error */ = {
			isa = PBXGroup;
			children = (
				FF4CB15A283F5F5700E32F04 /* EndpointClientError.swift */,
				FF4CB15C283F5F6500E32F04 /* ServerError.swift */,
			);
			path = Error;
			sourceTree = "<group>";
		};
		FFD309F12850B9250067DB7E /* Endpoint */ = {
			isa = PBXGroup;
			children = (
				FF4CB154283F5F1700E32F04 /* Endpoint.swift */,
				FF4CB158283F5F3600E32F04 /* EndpointClient.swift */,
			);
			path = Endpoint;
			sourceTree = "<group>";
		};
		FFD309F22850B9310067DB7E /* REST */ = {
			isa = PBXGroup;
			children = (
				FF4CB156283F5F2600E32F04 /* RESTClient.swift */,
			);
			path = REST;
			sourceTree = "<group>";
		};
/* End PBXGroup section */

/* Begin PBXNativeTarget section */
		FF4CB138283F5CDF00E32F04 /* JSON */ = {
			isa = PBXNativeTarget;
			buildConfigurationList = FF4CB14D283F5CE500E32F04 /* Build configuration list for PBXNativeTarget "JSON" */;
			buildPhases = (
				FF4CB135283F5CDF00E32F04 /* Sources */,
				FF4CB136283F5CDF00E32F04 /* Frameworks */,
				FF4CB137283F5CDF00E32F04 /* Resources */,
			);
			buildRules = (
			);
			dependencies = (
			);
			name = JSON;
			productName = JSON;
			productReference = FF4CB139283F5CDF00E32F04 /* JSON.app */;
			productType = "com.apple.product-type.application";
		};
/* End PBXNativeTarget section */

/* Begin PBXProject section */
		FF4CB131283F5CDF00E32F04 /* Project object */ = {
			isa = PBXProject;
			attributes = {
				BuildIndependentTargetsInParallel = 1;
				LastSwiftUpdateCheck = 1330;
				LastUpgradeCheck = 1330;
				TargetAttributes = {
					FF4CB138283F5CDF00E32F04 = {
						CreatedOnToolsVersion = 13.3.1;
					};
				};
			};
			buildConfigurationList = FF4CB134283F5CDF00E32F04 /* Build configuration list for PBXProject "JSON" */;
			compatibilityVersion = "Xcode 13.0";
			developmentRegion = en;
			hasScannedForEncodings = 0;
			knownRegions = (
				en,
				Base,
			);
			mainGroup = FF4CB130283F5CDF00E32F04;
			productRefGroup = FF4CB13A283F5CDF00E32F04 /* Products */;
			projectDirPath = "";
			projectRoot = "";
			targets = (
				FF4CB138283F5CDF00E32F04 /* JSON */,
			);
		};
/* End PBXProject section */

/* Begin PBXResourcesBuildPhase section */
		FF4CB137283F5CDF00E32F04 /* Resources */ = {
			isa = PBXResourcesBuildPhase;
			buildActionMask = 2147483647;
			files = (
				FF4CB149283F5CE500E32F04 /* LaunchScreen.storyboard in Resources */,
				FF4CB146283F5CE500E32F04 /* Assets.xcassets in Resources */,
				FF4CB144283F5CDF00E32F04 /* Main.storyboard in Resources */,
			);
			runOnlyForDeploymentPostprocessing = 0;
		};
/* End PBXResourcesBuildPhase section */

/* Begin PBXSourcesBuildPhase section */
		FF4CB135283F5CDF00E32F04 /* Sources */ = {
			isa = PBXSourcesBuildPhase;
			buildActionMask = 2147483647;
			files = (
				FF4CB141283F5CDF00E32F04 /* ViewController.swift in Sources */,
				FF4CB13D283F5CDF00E32F04 /* AppDelegate.swift in Sources */,
				FF4CB157283F5F2600E32F04 /* RESTClient.swift in Sources */,
				FF4CB15B283F5F5700E32F04 /* EndpointClientError.swift in Sources */,
				FF4CB13F283F5CDF00E32F04 /* SceneDelegate.swift in Sources */,
				FF4CB15D283F5F6500E32F04 /* ServerError.swift in Sources */,
				FF4CB153283F5F0C00E32F04 /* AppSettings.swift in Sources */,
				FF4CB155283F5F1700E32F04 /* Endpoint.swift in Sources */,
				FF4CB151283F5EFF00E32F04 /* Model.swift in Sources */,
				FF4CB159283F5F3600E32F04 /* EndpointClient.swift in Sources */,
			);
			runOnlyForDeploymentPostprocessing = 0;
		};
/* End PBXSourcesBuildPhase section */

/* Begin PBXVariantGroup section */
		FF4CB142283F5CDF00E32F04 /* Main.storyboard */ = {
			isa = PBXVariantGroup;
			children = (
				FF4CB143283F5CDF00E32F04 /* Base */,
			);
			name = Main.storyboard;
			sourceTree = "<group>";
		};
		FF4CB147283F5CE500E32F04 /* LaunchScreen.storyboard */ = {
			isa = PBXVariantGroup;
			children = (
				FF4CB148283F5CE500E32F04 /* Base */,
			);
			name = LaunchScreen.storyboard;
			sourceTree = "<group>";
		};
/* End PBXVariantGroup section */

/* Begin XCBuildConfiguration section */
		FF4CB14B283F5CE500E32F04 /* Debug */ = {
			isa = XCBuildConfiguration;
			buildSettings = {
				ALWAYS_SEARCH_USER_PATHS = NO;
				CLANG_ANALYZER_NONNULL = YES;
				CLANG_ANALYZER_NUMBER_OBJECT_CONVERSION = YES_AGGRESSIVE;
				CLANG_CXX_LANGUAGE_STANDARD = "gnu++17";
				CLANG_ENABLE_MODULES = YES;
				CLANG_ENABLE_OBJC_ARC = YES;
				CLANG_ENABLE_OBJC_WEAK = YES;
				CLANG_WARN_BLOCK_CAPTURE_AUTORELEASING = YES;
				CLANG_WARN_BOOL_CONVERSION = YES;
				CLANG_WARN_COMMA = YES;
				CLANG_WARN_CONSTANT_CONVERSION = YES;
				CLANG_WARN_DEPRECATED_OBJC_IMPLEMENTATIONS = YES;
				CLANG_WARN_DIRECT_OBJC_ISA_USAGE = YES_ERROR;
				CLANG_WARN_DOCUMENTATION_COMMENTS = YES;
				CLANG_WARN_EMPTY_BODY = YES;
				CLANG_WARN_ENUM_CONVERSION = YES;
				CLANG_WARN_INFINITE_RECURSION = YES;
				CLANG_WARN_INT_CONVERSION = YES;
				CLANG_WARN_NON_LITERAL_NULL_CONVERSION = YES;
				CLANG_WARN_OBJC_IMPLICIT_RETAIN_SELF = YES;
				CLANG_WARN_OBJC_LITERAL_CONVERSION = YES;
				CLANG_WARN_OBJC_ROOT_CLASS = YES_ERROR;
				CLANG_WARN_QUOTED_INCLUDE_IN_FRAMEWORK_HEADER = YES;
				CLANG_WARN_RANGE_LOOP_ANALYSIS = YES;
				CLANG_WARN_STRICT_PROTOTYPES = YES;
				CLANG_WARN_SUSPICIOUS_MOVE = YES;
				CLANG_WARN_UNGUARDED_AVAILABILITY = YES_AGGRESSIVE;
				CLANG_WARN_UNREACHABLE_CODE = YES;
				CLANG_WARN__DUPLICATE_METHOD_MATCH = YES;
				COPY_PHASE_STRIP = NO;
				DEBUG_INFORMATION_FORMAT = dwarf;
				ENABLE_STRICT_OBJC_MSGSEND = YES;
				ENABLE_TESTABILITY = YES;
				GCC_C_LANGUAGE_STANDARD = gnu11;
				GCC_DYNAMIC_NO_PIC = NO;
				GCC_NO_COMMON_BLOCKS = YES;
				GCC_OPTIMIZATION_LEVEL = 0;
				GCC_PREPROCESSOR_DEFINITIONS = (
					"DEBUG=1",
					"$(inherited)",
				);
				GCC_WARN_64_TO_32_BIT_CONVERSION = YES;
				GCC_WARN_ABOUT_RETURN_TYPE = YES_ERROR;
				GCC_WARN_UNDECLARED_SELECTOR = YES;
				GCC_WARN_UNINITIALIZED_AUTOS = YES_AGGRESSIVE;
				GCC_WARN_UNUSED_FUNCTION = YES;
				GCC_WARN_UNUSED_VARIABLE = YES;
				IPHONEOS_DEPLOYMENT_TARGET = 15.4;
				MTL_ENABLE_DEBUG_INFO = INCLUDE_SOURCE;
				MTL_FAST_MATH = YES;
				ONLY_ACTIVE_ARCH = YES;
				SDKROOT = iphoneos;
				SWIFT_ACTIVE_COMPILATION_CONDITIONS = DEBUG;
				SWIFT_OPTIMIZATION_LEVEL = "-Onone";
			};
			name = Debug;
		};
		FF4CB14C283F5CE500E32F04 /* Release */ = {
			isa = XCBuildConfiguration;
			buildSettings = {
				ALWAYS_SEARCH_USER_PATHS = NO;
				CLANG_ANALYZER_NONNULL = YES;
				CLANG_ANALYZER_NUMBER_OBJECT_CONVERSION = YES_AGGRESSIVE;
				CLANG_CXX_LANGUAGE_STANDARD = "gnu++17";
				CLANG_ENABLE_MODULES = YES;
				CLANG_ENABLE_OBJC_ARC = YES;
				CLANG_ENABLE_OBJC_WEAK = YES;
				CLANG_WARN_BLOCK_CAPTURE_AUTORELEASING = YES;
				CLANG_WARN_BOOL_CONVERSION = YES;
				CLANG_WARN_COMMA = YES;
				CLANG_WARN_CONSTANT_CONVERSION = YES;
				CLANG_WARN_DEPRECATED_OBJC_IMPLEMENTATIONS = YES;
				CLANG_WARN_DIRECT_OBJC_ISA_USAGE = YES_ERROR;
				CLANG_WARN_DOCUMENTATION_COMMENTS = YES;
				CLANG_WARN_EMPTY_BODY = YES;
				CLANG_WARN_ENUM_CONVERSION = YES;
				CLANG_WARN_INFINITE_RECURSION = YES;
				CLANG_WARN_INT_CONVERSION = YES;
				CLANG_WARN_NON_LITERAL_NULL_CONVERSION = YES;
				CLANG_WARN_OBJC_IMPLICIT_RETAIN_SELF = YES;
				CLANG_WARN_OBJC_LITERAL_CONVERSION = YES;
				CLANG_WARN_OBJC_ROOT_CLASS = YES_ERROR;
				CLANG_WARN_QUOTED_INCLUDE_IN_FRAMEWORK_HEADER = YES;
				CLANG_WARN_RANGE_LOOP_ANALYSIS = YES;
				CLANG_WARN_STRICT_PROTOTYPES = YES;
				CLANG_WARN_SUSPICIOUS_MOVE = YES;
				CLANG_WARN_UNGUARDED_AVAILABILITY = YES_AGGRESSIVE;
				CLANG_WARN_UNREACHABLE_CODE = YES;
				CLANG_WARN__DUPLICATE_METHOD_MATCH = YES;
				COPY_PHASE_STRIP = NO;
				DEBUG_INFORMATION_FORMAT = "dwarf-with-dsym";
				ENABLE_NS_ASSERTIONS = NO;
				ENABLE_STRICT_OBJC_MSGSEND = YES;
				GCC_C_LANGUAGE_STANDARD = gnu11;
				GCC_NO_COMMON_BLOCKS = YES;
				GCC_WARN_64_TO_32_BIT_CONVERSION = YES;
				GCC_WARN_ABOUT_RETURN_TYPE = YES_ERROR;
				GCC_WARN_UNDECLARED_SELECTOR = YES;
				GCC_WARN_UNINITIALIZED_AUTOS = YES_AGGRESSIVE;
				GCC_WARN_UNUSED_FUNCTION = YES;
				GCC_WARN_UNUSED_VARIABLE = YES;
				IPHONEOS_DEPLOYMENT_TARGET = 15.4;
				MTL_ENABLE_DEBUG_INFO = NO;
				MTL_FAST_MATH = YES;
				SDKROOT = iphoneos;
				SWIFT_COMPILATION_MODE = wholemodule;
				SWIFT_OPTIMIZATION_LEVEL = "-O";
				VALIDATE_PRODUCT = YES;
			};
			name = Release;
		};
		FF4CB14E283F5CE500E32F04 /* Debug */ = {
			isa = XCBuildConfiguration;
			buildSettings = {
				ASSETCATALOG_COMPILER_APPICON_NAME = AppIcon;
				ASSETCATALOG_COMPILER_GLOBAL_ACCENT_COLOR_NAME = AccentColor;
				CODE_SIGN_STYLE = Automatic;
				CURRENT_PROJECT_VERSION = 1;
				DEVELOPMENT_TEAM = 4Q633P5RZ5;
				GENERATE_INFOPLIST_FILE = YES;
				INFOPLIST_FILE = JSON/Resources/Configs/Info.plist;
				INFOPLIST_KEY_UIApplicationSupportsIndirectInputEvents = YES;
				INFOPLIST_KEY_UILaunchStoryboardName = LaunchScreen;
				INFOPLIST_KEY_UIMainStoryboardFile = Main;
				INFOPLIST_KEY_UISupportedInterfaceOrientations_iPad = "UIInterfaceOrientationPortrait UIInterfaceOrientationPortraitUpsideDown UIInterfaceOrientationLandscapeLeft UIInterfaceOrientationLandscapeRight";
				INFOPLIST_KEY_UISupportedInterfaceOrientations_iPhone = "UIInterfaceOrientationPortrait UIInterfaceOrientationLandscapeLeft UIInterfaceOrientationLandscapeRight";
				LD_RUNPATH_SEARCH_PATHS = (
					"$(inherited)",
					"@executable_path/Frameworks",
				);
				MARKETING_VERSION = 1.0;
				PRODUCT_BUNDLE_IDENTIFIER = KretiukDasha.JSON;
				PRODUCT_NAME = "$(TARGET_NAME)";
				SWIFT_EMIT_LOC_STRINGS = YES;
				SWIFT_VERSION = 5.0;
				TARGETED_DEVICE_FAMILY = "1,2";
			};
			name = Debug;
		};
		FF4CB14F283F5CE500E32F04 /* Release */ = {
			isa = XCBuildConfiguration;
			buildSettings = {
				ASSETCATALOG_COMPILER_APPICON_NAME = AppIcon;
				ASSETCATALOG_COMPILER_GLOBAL_ACCENT_COLOR_NAME = AccentColor;
				CODE_SIGN_STYLE = Automatic;
				CURRENT_PROJECT_VERSION = 1;
				DEVELOPMENT_TEAM = 4Q633P5RZ5;
				GENERATE_INFOPLIST_FILE = YES;
				INFOPLIST_FILE = JSON/Resources/Configs/Info.plist;
				INFOPLIST_KEY_UIApplicationSupportsIndirectInputEvents = YES;
				INFOPLIST_KEY_UILaunchStoryboardName = LaunchScreen;
				INFOPLIST_KEY_UIMainStoryboardFile = Main;
				INFOPLIST_KEY_UISupportedInterfaceOrientations_iPad = "UIInterfaceOrientationPortrait UIInterfaceOrientationPortraitUpsideDown UIInterfaceOrientationLandscapeLeft UIInterfaceOrientationLandscapeRight";
				INFOPLIST_KEY_UISupportedInterfaceOrientations_iPhone = "UIInterfaceOrientationPortrait UIInterfaceOrientationLandscapeLeft UIInterfaceOrientationLandscapeRight";
				LD_RUNPATH_SEARCH_PATHS = (
					"$(inherited)",
					"@executable_path/Frameworks",
				);
				MARKETING_VERSION = 1.0;
				PRODUCT_BUNDLE_IDENTIFIER = KretiukDasha.JSON;
				PRODUCT_NAME = "$(TARGET_NAME)";
				SWIFT_EMIT_LOC_STRINGS = YES;
				SWIFT_VERSION = 5.0;
				TARGETED_DEVICE_FAMILY = "1,2";
			};
			name = Release;
		};
/* End XCBuildConfiguration section */

/* Begin XCConfigurationList section */
		FF4CB134283F5CDF00E32F04 /* Build configuration list for PBXProject "JSON" */ = {
			isa = XCConfigurationList;
			buildConfigurations = (
				FF4CB14B283F5CE500E32F04 /* Debug */,
				FF4CB14C283F5CE500E32F04 /* Release */,
			);
			defaultConfigurationIsVisible = 0;
			defaultConfigurationName = Release;
		};
		FF4CB14D283F5CE500E32F04 /* Build configuration list for PBXNativeTarget "JSON" */ = {
			isa = XCConfigurationList;
			buildConfigurations = (
				FF4CB14E283F5CE500E32F04 /* Debug */,
				FF4CB14F283F5CE500E32F04 /* Release */,
			);
			defaultConfigurationIsVisible = 0;
			defaultConfigurationName = Release;
		};
/* End XCConfigurationList section */
	};
	rootObject = FF4CB131283F5CDF00E32F04 /* Project object */;
}
